
Microsoft Visual Studio Solution File, Format Version 12.00
# Visual Studio 15
VisualStudioVersion = 15.0.28307.329
MinimumVisualStudioVersion = 10.0.40219.1
Project("{FAE04EC0-301F-11D3-BF4B-00C04F79EFBC}") = "MVCparcial1F", "MVCparcial1F\MVCparcial1F.csproj", "{BE21784F-07A1-4300-B6D2-F38AA1E91200}"
EndProject
Global
	GlobalSection(SolutionConfigurationPlatforms) = preSolution
		Debug|Any CPU = Debug|Any CPU
		Release|Any CPU = Release|Any CPU
	EndGlobalSection
	GlobalSection(ProjectConfigurationPlatforms) = postSolution
		{BE21784F-07A1-4300-B6D2-F38AA1E91200}.Debug|Any CPU.ActiveCfg = Debug|Any CPU
		{BE21784F-07A1-4300-B6D2-F38AA1E91200}.Debug|Any CPU.Build.0 = Debug|Any CPU
		{BE21784F-07A1-4300-B6D2-F38AA1E91200}.Release|Any CPU.ActiveCfg = Release|Any CPU
		{BE21784F-07A1-4300-B6D2-F38AA1E91200}.Release|Any CPU.Build.0 = Release|Any CPU
	EndGlobalSection
	GlobalSection(SolutionProperties) = preSolution
		HideSolutionNode = FALSE
	EndGlobalSection
	GlobalSection(ExtensibilityGlobals) = postSolution
		SolutionGuid = {7101DE18-E2E5-4784-8FF5-547BDA1BC565}
	EndGlobalSection
EndGlobal
